
Microsoft Visual Studio Solution File, Format Version 12.00
# Visual Studio 15
VisualStudioVersion = 15.0.27004.2008
MinimumVisualStudioVersion = 10.0.40219.1
Project("{FAE04EC0-301F-11D3-BF4B-00C04F79EFBC}") = "HelloMVC", "HelloMVC\HelloMVC.csproj", "{FEF0659C-CFC4-4AA3-BFA1-137EE4A537D2}"
EndProject
Global
	GlobalSection(SolutionConfigurationPlatforms) = preSolution
		Debug|Any CPU = Debug|Any CPU
		Release|Any CPU = Release|Any CPU
	EndGlobalSection
	GlobalSection(ProjectConfigurationPlatforms) = postSolution
		{FEF0659C-CFC4-4AA3-BFA1-137EE4A537D2}.Debug|Any CPU.ActiveCfg = Debug|Any CPU
		{FEF0659C-CFC4-4AA3-BFA1-137EE4A537D2}.Debug|Any CPU.Build.0 = Debug|Any CPU
		{FEF0659C-CFC4-4AA3-BFA1-137EE4A537D2}.Release|Any CPU.ActiveCfg = Release|Any CPU
		{FEF0659C-CFC4-4AA3-BFA1-137EE4A537D2}.Release|Any CPU.Build.0 = Release|Any CPU
	EndGlobalSection
	GlobalSection(SolutionProperties) = preSolution
		HideSolutionNode = FALSE
	EndGlobalSection
	GlobalSection(ExtensibilityGlobals) = postSolution
		SolutionGuid = {E2FAA6F9-692D-42B6-96DA-355DEE38C88D}
	EndGlobalSection
EndGlobal
